// !$*UTF8*$!
{
	archiveVersion = 1;
	classes = {
	};
	objectVersion = 56;
	objects = {

/* Begin PBXBuildFile section */
		AC6253B82AA7E7D10080693B /* AppDelegate.swift in Sources */ = {isa = PBXBuildFile; fileRef = AC6253B72AA7E7D10080693B /* AppDelegate.swift */; };
		AC6253BA2AA7E7D10080693B /* SceneDelegate.swift in Sources */ = {isa = PBXBuildFile; fileRef = AC6253B92AA7E7D10080693B /* SceneDelegate.swift */; };
		AC6253BC2AA7E7D10080693B /* ViewController.swift in Sources */ = {isa = PBXBuildFile; fileRef = AC6253BB2AA7E7D10080693B /* ViewController.swift */; };
		AC6253BF2AA7E7D10080693B /* Main.storyboard in Resources */ = {isa = PBXBuildFile; fileRef = AC6253BD2AA7E7D10080693B /* Main.storyboard */; };
		AC6253C22AA7E7D10080693B /* Tela_Core_Data.xcdatamodeld in Sources */ = {isa = PBXBuildFile; fileRef = AC6253C02AA7E7D10080693B /* Tela_Core_Data.xcdatamodeld */; };
		AC6253C42AA7E7D60080693B /* Assets.xcassets in Resources */ = {isa = PBXBuildFile; fileRef = AC6253C32AA7E7D60080693B /* Assets.xcassets */; };
		AC6253C72AA7E7D60080693B /* LaunchScreen.storyboard in Resources */ = {isa = PBXBuildFile; fileRef = AC6253C52AA7E7D60080693B /* LaunchScreen.storyboard */; };
		AC6253CF2AA7F36F0080693B /* ContatoTableViewController.swift in Sources */ = {isa = PBXBuildFile; fileRef = AC6253CE2AA7F36F0080693B /* ContatoTableViewController.swift */; };
/* End PBXBuildFile section */

/* Begin PBXFileReference section */
		AC6253B42AA7E7D10080693B /* Tela Core Data.app */ = {isa = PBXFileReference; explicitFileType = wrapper.application; includeInIndex = 0; path = "Tela Core Data.app"; sourceTree = BUILT_PRODUCTS_DIR; };
		AC6253B72AA7E7D10080693B /* AppDelegate.swift */ = {isa = PBXFileReference; lastKnownFileType = sourcecode.swift; path = AppDelegate.swift; sourceTree = "<group>"; };
		AC6253B92AA7E7D10080693B /* SceneDelegate.swift */ = {isa = PBXFileReference; lastKnownFileType = sourcecode.swift; path = SceneDelegate.swift; sourceTree = "<group>"; };
		AC6253BB2AA7E7D10080693B /* ViewController.swift */ = {isa = PBXFileReference; lastKnownFileType = sourcecode.swift; path = ViewController.swift; sourceTree = "<group>"; };
		AC6253BE2AA7E7D10080693B /* Base */ = {isa = PBXFileReference; lastKnownFileType = file.storyboard; name = Base; path = Base.lproj/Main.storyboard; sourceTree = "<group>"; };
		AC6253C12AA7E7D10080693B /* Tela_Core_Data.xcdatamodel */ = {isa = PBXFileReference; lastKnownFileType = wrapper.xcdatamodel; path = Tela_Core_Data.xcdatamodel; sourceTree = "<group>"; };
		AC6253C32AA7E7D60080693B /* Assets.xcassets */ = {isa = PBXFileReference; lastKnownFileType = folder.assetcatalog; path = Assets.xcassets; sourceTree = "<group>"; };
		AC6253C62AA7E7D60080693B /* Base */ = {isa = PBXFileReference; lastKnownFileType = file.storyboard; name = Base; path = Base.lproj/LaunchScreen.storyboard; sourceTree = "<group>"; };
		AC6253C82AA7E7D60080693B /* Info.plist */ = {isa = PBXFileReference; lastKnownFileType = text.plist.xml; path = Info.plist; sourceTree = "<group>"; };
		AC6253CE2AA7F36F0080693B /* ContatoTableViewController.swift */ = {isa = PBXFileReference; lastKnownFileType = sourcecode.swift; path = ContatoTableViewController.swift; sourceTree = "<group>"; };
/* End PBXFileReference section */

/* Begin PBXFrameworksBuildPhase section */
		AC6253B12AA7E7D00080693B /* Frameworks */ = {
			isa = PBXFrameworksBuildPhase;
			buildActionMask = 2147483647;
			files = (
			);
			runOnlyForDeploymentPostprocessing = 0;
		};
/* End PBXFrameworksBuildPhase section */

/* Begin PBXGroup section */
		AC6253AB2AA7E7D00080693B = {
			isa = PBXGroup;
			children = (
				AC6253B62AA7E7D10080693B /* Tela Core Data */,
				AC6253B52AA7E7D10080693B /* Products */,
			);
			sourceTree = "<group>";
		};
		AC6253B52AA7E7D10080693B /* Products */ = {
			isa = PBXGroup;
			children = (
				AC6253B42AA7E7D10080693B /* Tela Core Data.app */,
			);
			name = Products;
			sourceTree = "<group>";
		};
		AC6253B62AA7E7D10080693B /* Tela Core Data */ = {
			isa = PBXGroup;
			children = (
				AC6253B72AA7E7D10080693B /* AppDelegate.swift */,
				AC6253B92AA7E7D10080693B /* SceneDelegate.swift */,
				AC6253BB2AA7E7D10080693B /* ViewController.swift */,
				AC6253BD2AA7E7D10080693B /* Main.storyboard */,
				AC6253CE2AA7F36F0080693B /* ContatoTableViewController.swift */,
				AC6253C32AA7E7D60080693B /* Assets.xcassets */,
				AC6253C52AA7E7D60080693B /* LaunchScreen.storyboard */,
				AC6253C82AA7E7D60080693B /* Info.plist */,
				AC6253C02AA7E7D10080693B /* Tela_Core_Data.xcdatamodeld */,
			);
			path = "Tela Core Data";
			sourceTree = "<group>";
		};
/* End PBXGroup section */

/* Begin PBXNativeTarget section */
		AC6253B32AA7E7D00080693B /* Tela Core Data */ = {
			isa = PBXNativeTarget;
			buildConfigurationList = AC6253CB2AA7E7D60080693B /* Build configuration list for PBXNativeTarget "Tela Core Data" */;
			buildPhases = (
				AC6253B02AA7E7D00080693B /* Sources */,
				AC6253B12AA7E7D00080693B /* Frameworks */,
				AC6253B22AA7E7D00080693B /* Resources */,
			);
			buildRules = (
			);
			dependencies = (
			);
			name = "Tela Core Data";
			productName = "Tela Core Data";
			productReference = AC6253B42AA7E7D10080693B /* Tela Core Data.app */;
			productType = "com.apple.product-type.application";
		};
/* End PBXNativeTarget section */

/* Begin PBXProject section */
		AC6253AC2AA7E7D00080693B /* Project object */ = {
			isa = PBXProject;
			attributes = {
				BuildIndependentTargetsInParallel = 1;
				LastSwiftUpdateCheck = 1430;
				LastUpgradeCheck = 1430;
				TargetAttributes = {
					AC6253B32AA7E7D00080693B = {
						CreatedOnToolsVersion = 14.3.1;
					};
				};
			};
			buildConfigurationList = AC6253AF2AA7E7D00080693B /* Build configuration list for PBXProject "Tela Core Data" */;
			compatibilityVersion = "Xcode 14.0";
			developmentRegion = en;
			hasScannedForEncodings = 0;
			knownRegions = (
				en,
				Base,
			);
			mainGroup = AC6253AB2AA7E7D00080693B;
			productRefGroup = AC6253B52AA7E7D10080693B /* Products */;
			projectDirPath = "";
			projectRoot = "";
			targets = (
				AC6253B32AA7E7D00080693B /* Tela Core Data */,
			);
		};
/* End PBXProject section */

/* Begin PBXResourcesBuildPhase section */
		AC6253B22AA7E7D00080693B /* Resources */ = {
			isa = PBXResourcesBuildPhase;
			buildActionMask = 2147483647;
			files = (
				AC6253C72AA7E7D60080693B /* LaunchScreen.storyboard in Resources */,
				AC6253C42AA7E7D60080693B /* Assets.xcassets in Resources */,
				AC6253BF2AA7E7D10080693B /* Main.storyboard in Resources */,
			);
			runOnlyForDeploymentPostprocessing = 0;
		};
/* End PBXResourcesBuildPhase section */

/* Begin PBXSourcesBuildPhase section */
		AC6253B02AA7E7D00080693B /* Sources */ = {
			isa = PBXSourcesBuildPhase;
			buildActionMask = 2147483647;
			files = (
				AC6253BC2AA7E7D10080693B /* ViewController.swift in Sources */,
				AC6253CF2AA7F36F0080693B /* ContatoTableViewController.swift in Sources */,
				AC6253B82AA7E7D10080693B /* AppDelegate.swift in Sources */,
				AC6253C22AA7E7D10080693B /* Tela_Core_Data.xcdatamodeld in Sources */,
				AC6253BA2AA7E7D10080693B /* SceneDelegate.swift in Sources */,
			);
			runOnlyForDeploymentPostprocessing = 0;
		};
/* End PBXSourcesBuildPhase section */

/* Begin PBXVariantGroup section */
		AC6253BD2AA7E7D10080693B /* Main.storyboard */ = {
			isa = PBXVariantGroup;
			children = (
				AC6253BE2AA7E7D10080693B /* Base */,
			);
			name = Main.storyboard;
			sourceTree = "<group>";
		};
		AC6253C52AA7E7D60080693B /* LaunchScreen.storyboard */ = {
			isa = PBXVariantGroup;
			children = (
				AC6253C62AA7E7D60080693B /* Base */,
			);
			name = LaunchScreen.storyboard;
			sourceTree = "<group>";
		};
/* End PBXVariantGroup section */

/* Begin XCBuildConfiguration section */
		AC6253C92AA7E7D60080693B /* Debug */ = {
			isa = XCBuildConfiguration;
			buildSettings = {
				ALWAYS_SEARCH_USER_PATHS = NO;
				CLANG_ANALYZER_NONNULL = YES;
				CLANG_ANALYZER_NUMBER_OBJECT_CONVERSION = YES_AGGRESSIVE;
				CLANG_CXX_LANGUAGE_STANDARD = "gnu++20";
				CLANG_ENABLE_MODULES = YES;
				CLANG_ENABLE_OBJC_ARC = YES;
				CLANG_ENABLE_OBJC_WEAK = YES;
				CLANG_WARN_BLOCK_CAPTURE_AUTORELEASING = YES;
				CLANG_WARN_BOOL_CONVERSION = YES;
				CLANG_WARN_COMMA = YES;
				CLANG_WARN_CONSTANT_CONVERSION = YES;
				CLANG_WARN_DEPRECATED_OBJC_IMPLEMENTATIONS = YES;
				CLANG_WARN_DIRECT_OBJC_ISA_USAGE = YES_ERROR;
				CLANG_WARN_DOCUMENTATION_COMMENTS = YES;
				CLANG_WARN_EMPTY_BODY = YES;
				CLANG_WARN_ENUM_CONVERSION = YES;
				CLANG_WARN_INFINITE_RECURSION = YES;
				CLANG_WARN_INT_CONVERSION = YES;
				CLANG_WARN_NON_LITERAL_NULL_CONVERSION = YES;
				CLANG_WARN_OBJC_IMPLICIT_RETAIN_SELF = YES;
				CLANG_WARN_OBJC_LITERAL_CONVERSION = YES;
				CLANG_WARN_OBJC_ROOT_CLASS = YES_ERROR;
				CLANG_WARN_QUOTED_INCLUDE_IN_FRAMEWORK_HEADER = YES;
				CLANG_WARN_RANGE_LOOP_ANALYSIS = YES;
				CLANG_WARN_STRICT_PROTOTYPES = YES;
				CLANG_WARN_SUSPICIOUS_MOVE = YES;
				CLANG_WARN_UNGUARDED_AVAILABILITY = YES_AGGRESSIVE;
				CLANG_WARN_UNREACHABLE_CODE = YES;
				CLANG_WARN__DUPLICATE_METHOD_MATCH = YES;
				COPY_PHASE_STRIP = NO;
				DEBUG_INFORMATION_FORMAT = dwarf;
				ENABLE_STRICT_OBJC_MSGSEND = YES;
				ENABLE_TESTABILITY = YES;
				GCC_C_LANGUAGE_STANDARD = gnu11;
				GCC_DYNAMIC_NO_PIC = NO;
				GCC_NO_COMMON_BLOCKS = YES;
				GCC_OPTIMIZATION_LEVEL = 0;
				GCC_PREPROCESSOR_DEFINITIONS = (
					"DEBUG=1",
					"$(inherited)",
				);
				GCC_WARN_64_TO_32_BIT_CONVERSION = YES;
				GCC_WARN_ABOUT_RETURN_TYPE = YES_ERROR;
				GCC_WARN_UNDECLARED_SELECTOR = YES;
				GCC_WARN_UNINITIALIZED_AUTOS = YES_AGGRESSIVE;
				GCC_WARN_UNUSED_FUNCTION = YES;
				GCC_WARN_UNUSED_VARIABLE = YES;
				IPHONEOS_DEPLOYMENT_TARGET = 16.4;
				MTL_ENABLE_DEBUG_INFO = INCLUDE_SOURCE;
				MTL_FAST_MATH = YES;
				ONLY_ACTIVE_ARCH = YES;
				SDKROOT = iphoneos;
				SWIFT_ACTIVE_COMPILATION_CONDITIONS = DEBUG;
				SWIFT_OPTIMIZATION_LEVEL = "-Onone";
			};
			name = Debug;
		};
		AC6253CA2AA7E7D60080693B /* Release */ = {
			isa = XCBuildConfiguration;
			buildSettings = {
				ALWAYS_SEARCH_USER_PATHS = NO;
				CLANG_ANALYZER_NONNULL = YES;
				CLANG_ANALYZER_NUMBER_OBJECT_CONVERSION = YES_AGGRESSIVE;
				CLANG_CXX_LANGUAGE_STANDARD = "gnu++20";
				CLANG_ENABLE_MODULES = YES;
				CLANG_ENABLE_OBJC_ARC = YES;
				CLANG_ENABLE_OBJC_WEAK = YES;
				CLANG_WARN_BLOCK_CAPTURE_AUTORELEASING = YES;
				CLANG_WARN_BOOL_CONVERSION = YES;
				CLANG_WARN_COMMA = YES;
				CLANG_WARN_CONSTANT_CONVERSION = YES;
				CLANG_WARN_DEPRECATED_OBJC_IMPLEMENTATIONS = YES;
				CLANG_WARN_DIRECT_OBJC_ISA_USAGE = YES_ERROR;
				CLANG_WARN_DOCUMENTATION_COMMENTS = YES;
				CLANG_WARN_EMPTY_BODY = YES;
				CLANG_WARN_ENUM_CONVERSION = YES;
				CLANG_WARN_INFINITE_RECURSION = YES;
				CLANG_WARN_INT_CONVERSION = YES;
				CLANG_WARN_NON_LITERAL_NULL_CONVERSION = YES;
				CLANG_WARN_OBJC_IMPLICIT_RETAIN_SELF = YES;
				CLANG_WARN_OBJC_LITERAL_CONVERSION = YES;
				CLANG_WARN_OBJC_ROOT_CLASS = YES_ERROR;
				CLANG_WARN_QUOTED_INCLUDE_IN_FRAMEWORK_HEADER = YES;
				CLANG_WARN_RANGE_LOOP_ANALYSIS = YES;
				CLANG_WARN_STRICT_PROTOTYPES = YES;
				CLANG_WARN_SUSPICIOUS_MOVE = YES;
				CLANG_WARN_UNGUARDED_AVAILABILITY = YES_AGGRESSIVE;
				CLANG_WARN_UNREACHABLE_CODE = YES;
				CLANG_WARN__DUPLICATE_METHOD_MATCH = YES;
				COPY_PHASE_STRIP = NO;
				DEBUG_INFORMATION_FORMAT = "dwarf-with-dsym";
				ENABLE_NS_ASSERTIONS = NO;
				ENABLE_STRICT_OBJC_MSGSEND = YES;
				GCC_C_LANGUAGE_STANDARD = gnu11;
				GCC_NO_COMMON_BLOCKS = YES;
				GCC_WARN_64_TO_32_BIT_CONVERSION = YES;
				GCC_WARN_ABOUT_RETURN_TYPE = YES_ERROR;
				GCC_WARN_UNDECLARED_SELECTOR = YES;
				GCC_WARN_UNINITIALIZED_AUTOS = YES_AGGRESSIVE;
				GCC_WARN_UNUSED_FUNCTION = YES;
				GCC_WARN_UNUSED_VARIABLE = YES;
				IPHONEOS_DEPLOYMENT_TARGET = 16.4;
				MTL_ENABLE_DEBUG_INFO = NO;
				MTL_FAST_MATH = YES;
				SDKROOT = iphoneos;
				SWIFT_COMPILATION_MODE = wholemodule;
				SWIFT_OPTIMIZATION_LEVEL = "-O";
				VALIDATE_PRODUCT = YES;
			};
			name = Release;
		};
		AC6253CC2AA7E7D60080693B /* Debug */ = {
			isa = XCBuildConfiguration;
			buildSettings = {
				ASSETCATALOG_COMPILER_APPICON_NAME = AppIcon;
				ASSETCATALOG_COMPILER_GLOBAL_ACCENT_COLOR_NAME = AccentColor;
				CODE_SIGN_STYLE = Automatic;
				CURRENT_PROJECT_VERSION = 1;
				GENERATE_INFOPLIST_FILE = YES;
				INFOPLIST_FILE = "Tela Core Data/Info.plist";
				INFOPLIST_KEY_UIApplicationSupportsIndirectInputEvents = YES;
				INFOPLIST_KEY_UILaunchStoryboardName = LaunchScreen;
				INFOPLIST_KEY_UIMainStoryboardFile = Main;
				INFOPLIST_KEY_UISupportedInterfaceOrientations_iPad = "UIInterfaceOrientationPortrait UIInterfaceOrientationPortraitUpsideDown UIInterfaceOrientationLandscapeLeft UIInterfaceOrientationLandscapeRight";
				INFOPLIST_KEY_UISupportedInterfaceOrientations_iPhone = "UIInterfaceOrientationPortrait UIInterfaceOrientationLandscapeLeft UIInterfaceOrientationLandscapeRight";
				LD_RUNPATH_SEARCH_PATHS = (
					"$(inherited)",
					"@executable_path/Frameworks",
				);
				MARKETING_VERSION = 1.0;
				PRODUCT_BUNDLE_IDENTIFIER = "com.fiap.Tela-Core-Data";
				PRODUCT_NAME = "$(TARGET_NAME)";
				SWIFT_EMIT_LOC_STRINGS = YES;
				SWIFT_VERSION = 5.0;
				TARGETED_DEVICE_FAMILY = "1,2";
			};
			name = Debug;
		};
		AC6253CD2AA7E7D60080693B /* Release */ = {
			isa = XCBuildConfiguration;
			buildSettings = {
				ASSETCATALOG_COMPILER_APPICON_NAME = AppIcon;
				ASSETCATALOG_COMPILER_GLOBAL_ACCENT_COLOR_NAME = AccentColor;
				CODE_SIGN_STYLE = Automatic;
				CURRENT_PROJECT_VERSION = 1;
				GENERATE_INFOPLIST_FILE = YES;
				INFOPLIST_FILE = "Tela Core Data/Info.plist";
				INFOPLIST_KEY_UIApplicationSupportsIndirectInputEvents = YES;
				INFOPLIST_KEY_UILaunchStoryboardName = LaunchScreen;
				INFOPLIST_KEY_UIMainStoryboardFile = Main;
				INFOPLIST_KEY_UISupportedInterfaceOrientations_iPad = "UIInterfaceOrientationPortrait UIInterfaceOrientationPortraitUpsideDown UIInterfaceOrientationLandscapeLeft UIInterfaceOrientationLandscapeRight";
				INFOPLIST_KEY_UISupportedInterfaceOrientations_iPhone = "UIInterfaceOrientationPortrait UIInterfaceOrientationLandscapeLeft UIInterfaceOrientationLandscapeRight";
				LD_RUNPATH_SEARCH_PATHS = (
					"$(inherited)",
					"@executable_path/Frameworks",
				);
				MARKETING_VERSION = 1.0;
				PRODUCT_BUNDLE_IDENTIFIER = "com.fiap.Tela-Core-Data";
				PRODUCT_NAME = "$(TARGET_NAME)";
				SWIFT_EMIT_LOC_STRINGS = YES;
				SWIFT_VERSION = 5.0;
				TARGETED_DEVICE_FAMILY = "1,2";
			};
			name = Release;
		};
/* End XCBuildConfiguration section */

/* Begin XCConfigurationList section */
		AC6253AF2AA7E7D00080693B /* Build configuration list for PBXProject "Tela Core Data" */ = {
			isa = XCConfigurationList;
			buildConfigurations = (
				AC6253C92AA7E7D60080693B /* Debug */,
				AC6253CA2AA7E7D60080693B /* Release */,
			);
			defaultConfigurationIsVisible = 0;
			defaultConfigurationName = Release;
		};
		AC6253CB2AA7E7D60080693B /* Build configuration list for PBXNativeTarget "Tela Core Data" */ = {
			isa = XCConfigurationList;
			buildConfigurations = (
				AC6253CC2AA7E7D60080693B /* Debug */,
				AC6253CD2AA7E7D60080693B /* Release */,
			);
			defaultConfigurationIsVisible = 0;
			defaultConfigurationName = Release;
		};
/* End XCConfigurationList section */

/* Begin XCVersionGroup section */
		AC6253C02AA7E7D10080693B /* Tela_Core_Data.xcdatamodeld */ = {
			isa = XCVersionGroup;
			children = (
				AC6253C12AA7E7D10080693B /* Tela_Core_Data.xcdatamodel */,
			);
			currentVersion = AC6253C12AA7E7D10080693B /* Tela_Core_Data.xcdatamodel */;
			path = Tela_Core_Data.xcdatamodeld;
			sourceTree = "<group>";
			versionGroupType = wrapper.xcdatamodel;
		};
/* End XCVersionGroup section */
	};
	rootObject = AC6253AC2AA7E7D00080693B /* Project object */;
}
